
Microsoft Visual Studio Solution File, Format Version 12.00
# Visual Studio Version 16
VisualStudioVersion = 16.0.31702.278
MinimumVisualStudioVersion = 10.0.40219.1
Project("{FAE04EC0-301F-11D3-BF4B-00C04F79EFBC}") = "Salonesfw", "Salonesfw\Salonesfw.csproj", "{9E04CAEC-B6DB-42AD-8940-877A284DFDD2}"
EndProject
Global
	GlobalSection(SolutionConfigurationPlatforms) = preSolution
		Debug|Any CPU = Debug|Any CPU
		Release|Any CPU = Release|Any CPU
	EndGlobalSection
	GlobalSection(ProjectConfigurationPlatforms) = postSolution
		{9E04CAEC-B6DB-42AD-8940-877A284DFDD2}.Debug|Any CPU.ActiveCfg = Debug|Any CPU
		{9E04CAEC-B6DB-42AD-8940-877A284DFDD2}.Debug|Any CPU.Build.0 = Debug|Any CPU
		{9E04CAEC-B6DB-42AD-8940-877A284DFDD2}.Release|Any CPU.ActiveCfg = Release|Any CPU
		{9E04CAEC-B6DB-42AD-8940-877A284DFDD2}.Release|Any CPU.Build.0 = Release|Any CPU
	EndGlobalSection
	GlobalSection(SolutionProperties) = preSolution
		HideSolutionNode = FALSE
	EndGlobalSection
	GlobalSection(ExtensibilityGlobals) = postSolution
		SolutionGuid = {739E4A63-D70A-4D98-B464-0734A552E8DA}
	EndGlobalSection
EndGlobal
